
Microsoft Visual Studio Solution File, Format Version 12.00
# Visual Studio Version 17
VisualStudioVersion = 17.4.33205.214
MinimumVisualStudioVersion = 10.0.40219.1
Project("{FAE04EC0-301F-11D3-BF4B-00C04F79EFBC}") = "MSTestingPractiseProblem", "MSTestingPractiseProblem\MSTestingPractiseProblem.csproj", "{86DD5647-6567-4818-B898-982AAB66C2BB}"
EndProject
Global
	GlobalSection(SolutionConfigurationPlatforms) = preSolution
		Debug|Any CPU = Debug|Any CPU
		Release|Any CPU = Release|Any CPU
	EndGlobalSection
	GlobalSection(ProjectConfigurationPlatforms) = postSolution
		{86DD5647-6567-4818-B898-982AAB66C2BB}.Debug|Any CPU.ActiveCfg = Debug|Any CPU
		{86DD5647-6567-4818-B898-982AAB66C2BB}.Debug|Any CPU.Build.0 = Debug|Any CPU
		{86DD5647-6567-4818-B898-982AAB66C2BB}.Release|Any CPU.ActiveCfg = Release|Any CPU
		{86DD5647-6567-4818-B898-982AAB66C2BB}.Release|Any CPU.Build.0 = Release|Any CPU
	EndGlobalSection
	GlobalSection(SolutionProperties) = preSolution
		HideSolutionNode = FALSE
	EndGlobalSection
	GlobalSection(ExtensibilityGlobals) = postSolution
		SolutionGuid = {188CAFBE-C955-4ECC-BD08-34E434A7603F}
	EndGlobalSection
EndGlobal
